
Microsoft Visual Studio Solution File, Format Version 12.00
# Visual Studio Version 17
VisualStudioVersion = 17.1.32421.90
MinimumVisualStudioVersion = 10.0.40219.1
Project("{9A19103F-16F7-4668-BE54-9A1E7A4F7556}") = "WebApplication1", "WebApplication1.csproj", "{D723852E-34EA-484C-BCA9-528FFD23BA28}"
EndProject
Global
	GlobalSection(SolutionConfigurationPlatforms) = preSolution
		Debug|Any CPU = Debug|Any CPU
		Release|Any CPU = Release|Any CPU
	EndGlobalSection
	GlobalSection(ProjectConfigurationPlatforms) = postSolution
		{D723852E-34EA-484C-BCA9-528FFD23BA28}.Debug|Any CPU.ActiveCfg = Debug|Any CPU
		{D723852E-34EA-484C-BCA9-528FFD23BA28}.Debug|Any CPU.Build.0 = Debug|Any CPU
		{D723852E-34EA-484C-BCA9-528FFD23BA28}.Release|Any CPU.ActiveCfg = Release|Any CPU
		{D723852E-34EA-484C-BCA9-528FFD23BA28}.Release|Any CPU.Build.0 = Release|Any CPU
	EndGlobalSection
	GlobalSection(SolutionProperties) = preSolution
		HideSolutionNode = FALSE
	EndGlobalSection
	GlobalSection(ExtensibilityGlobals) = postSolution
		SolutionGuid = {87CDF6E6-9935-4991-88EF-B9B3DD8E2D1F}
	EndGlobalSection
EndGlobal
